
Microsoft Visual Studio Solution File, Format Version 12.00
# Visual Studio Version 16
VisualStudioVersion = 16.0.29613.14
MinimumVisualStudioVersion = 10.0.40219.1
Project("{FAE04EC0-301F-11D3-BF4B-00C04F79EFBC}") = "GetRedditComments", "GetRedditComments\GetRedditComments.csproj", "{BAA820C9-86D6-41A3-B2D4-7246474028C5}"
EndProject
Project("{9A19103F-16F7-4668-BE54-9A1E7A4F7556}") = "Reddit.NET", "E:\repos\Reddit.NET\src\Reddit.NET\Reddit.NET.csproj", "{03AB8623-48E8-4982-A540-16815729B5CA}"
EndProject
Global
	GlobalSection(SolutionConfigurationPlatforms) = preSolution
		Debug|Any CPU = Debug|Any CPU
		Release|Any CPU = Release|Any CPU
	EndGlobalSection
	GlobalSection(ProjectConfigurationPlatforms) = postSolution
		{BAA820C9-86D6-41A3-B2D4-7246474028C5}.Debug|Any CPU.ActiveCfg = Debug|Any CPU
		{BAA820C9-86D6-41A3-B2D4-7246474028C5}.Debug|Any CPU.Build.0 = Debug|Any CPU
		{BAA820C9-86D6-41A3-B2D4-7246474028C5}.Release|Any CPU.ActiveCfg = Release|Any CPU
		{BAA820C9-86D6-41A3-B2D4-7246474028C5}.Release|Any CPU.Build.0 = Release|Any CPU
		{03AB8623-48E8-4982-A540-16815729B5CA}.Debug|Any CPU.ActiveCfg = Debug|Any CPU
		{03AB8623-48E8-4982-A540-16815729B5CA}.Debug|Any CPU.Build.0 = Debug|Any CPU
		{03AB8623-48E8-4982-A540-16815729B5CA}.Release|Any CPU.ActiveCfg = Release|Any CPU
		{03AB8623-48E8-4982-A540-16815729B5CA}.Release|Any CPU.Build.0 = Release|Any CPU
	EndGlobalSection
	GlobalSection(SolutionProperties) = preSolution
		HideSolutionNode = FALSE
	EndGlobalSection
	GlobalSection(ExtensibilityGlobals) = postSolution
		SolutionGuid = {9227B519-7E34-4212-8067-0DAA88DCCE26}
	EndGlobalSection
EndGlobal
